// !$*UTF8*$!
{
	archiveVersion = 1;
	classes = {
	};
	objectVersion = 46;
	objects = {

/* Begin PBXBuildFile section */
		8F40D5581A9411070078A55D /* AppDelegate.swift in Sources */ = {isa = PBXBuildFile; fileRef = 8F40D5571A9411070078A55D /* AppDelegate.swift */; };
		8F40D55A1A9411070078A55D /* ViewController.swift in Sources */ = {isa = PBXBuildFile; fileRef = 8F40D5591A9411070078A55D /* ViewController.swift */; };
		8F40D55D1A9411070078A55D /* Main.storyboard in Resources */ = {isa = PBXBuildFile; fileRef = 8F40D55B1A9411070078A55D /* Main.storyboard */; };
		8F40D55F1A9411070078A55D /* Images.xcassets in Resources */ = {isa = PBXBuildFile; fileRef = 8F40D55E1A9411070078A55D /* Images.xcassets */; };
		8F40D5621A9411070078A55D /* LaunchScreen.xib in Resources */ = {isa = PBXBuildFile; fileRef = 8F40D5601A9411070078A55D /* LaunchScreen.xib */; };
		8F40D56E1A9411070078A55D /* PostcardTests.swift in Sources */ = {isa = PBXBuildFile; fileRef = 8F40D56D1A9411070078A55D /* PostcardTests.swift */; };
/* End PBXBuildFile section */

/* Begin PBXContainerItemProxy section */
		8F40D5681A9411070078A55D /* PBXContainerItemProxy */ = {
			isa = PBXContainerItemProxy;
			containerPortal = 8F40D54A1A9411070078A55D /* Project object */;
			proxyType = 1;
			remoteGlobalIDString = 8F40D5511A9411070078A55D;
			remoteInfo = Postcard;
		};
/* End PBXContainerItemProxy section */

/* Begin PBXFileReference section */
		8F40D5521A9411070078A55D /* Postcard.app */ = {isa = PBXFileReference; explicitFileType = wrapper.application; includeInIndex = 0; path = Postcard.app; sourceTree = BUILT_PRODUCTS_DIR; };
		8F40D5561A9411070078A55D /* Info.plist */ = {isa = PBXFileReference; lastKnownFileType = text.plist.xml; path = Info.plist; sourceTree = "<group>"; };
		8F40D5571A9411070078A55D /* AppDelegate.swift */ = {isa = PBXFileReference; lastKnownFileType = sourcecode.swift; path = AppDelegate.swift; sourceTree = "<group>"; };
		8F40D5591A9411070078A55D /* ViewController.swift */ = {isa = PBXFileReference; lastKnownFileType = sourcecode.swift; path = ViewController.swift; sourceTree = "<group>"; };
		8F40D55C1A9411070078A55D /* Base */ = {isa = PBXFileReference; lastKnownFileType = file.storyboard; name = Base; path = Base.lproj/Main.storyboard; sourceTree = "<group>"; };
		8F40D55E1A9411070078A55D /* Images.xcassets */ = {isa = PBXFileReference; lastKnownFileType = folder.assetcatalog; path = Images.xcassets; sourceTree = "<group>"; };
		8F40D5611A9411070078A55D /* Base */ = {isa = PBXFileReference; lastKnownFileType = file.xib; name = Base; path = Base.lproj/LaunchScreen.xib; sourceTree = "<group>"; };
		8F40D5671A9411070078A55D /* PostcardTests.xctest */ = {isa = PBXFileReference; explicitFileType = wrapper.cfbundle; includeInIndex = 0; path = PostcardTests.xctest; sourceTree = BUILT_PRODUCTS_DIR; };
		8F40D56C1A9411070078A55D /* Info.plist */ = {isa = PBXFileReference; lastKnownFileType = text.plist.xml; path = Info.plist; sourceTree = "<group>"; };
		8F40D56D1A9411070078A55D /* PostcardTests.swift */ = {isa = PBXFileReference; lastKnownFileType = sourcecode.swift; path = PostcardTests.swift; sourceTree = "<group>"; };
/* End PBXFileReference section */

/* Begin PBXFrameworksBuildPhase section */
		8F40D54F1A9411070078A55D /* Frameworks */ = {
			isa = PBXFrameworksBuildPhase;
			buildActionMask = 2147483647;
			files = (
			);
			runOnlyForDeploymentPostprocessing = 0;
		};
		8F40D5641A9411070078A55D /* Frameworks */ = {
			isa = PBXFrameworksBuildPhase;
			buildActionMask = 2147483647;
			files = (
			);
			runOnlyForDeploymentPostprocessing = 0;
		};
/* End PBXFrameworksBuildPhase section */

/* Begin PBXGroup section */
		8F40D5491A9411070078A55D = {
			isa = PBXGroup;
			children = (
				8F40D5541A9411070078A55D /* Postcard */,
				8F40D56A1A9411070078A55D /* PostcardTests */,
				8F40D5531A9411070078A55D /* Products */,
			);
			sourceTree = "<group>";
		};
		8F40D5531A9411070078A55D /* Products */ = {
			isa = PBXGroup;
			children = (
				8F40D5521A9411070078A55D /* Postcard.app */,
				8F40D5671A9411070078A55D /* PostcardTests.xctest */,
			);
			name = Products;
			sourceTree = "<group>";
		};
		8F40D5541A9411070078A55D /* Postcard */ = {
			isa = PBXGroup;
			children = (
				8F40D5571A9411070078A55D /* AppDelegate.swift */,
				8F40D5591A9411070078A55D /* ViewController.swift */,
				8F40D55B1A9411070078A55D /* Main.storyboard */,
				8F40D55E1A9411070078A55D /* Images.xcassets */,
				8F40D5601A9411070078A55D /* LaunchScreen.xib */,
				8F40D5551A9411070078A55D /* Supporting Files */,
			);
			path = Postcard;
			sourceTree = "<group>";
		};
		8F40D5551A9411070078A55D /* Supporting Files */ = {
			isa = PBXGroup;
			children = (
				8F40D5561A9411070078A55D /* Info.plist */,
			);
			name = "Supporting Files";
			sourceTree = "<group>";
		};
		8F40D56A1A9411070078A55D /* PostcardTests */ = {
			isa = PBXGroup;
			children = (
				8F40D56D1A9411070078A55D /* PostcardTests.swift */,
				8F40D56B1A9411070078A55D /* Supporting Files */,
			);
			path = PostcardTests;
			sourceTree = "<group>";
		};
		8F40D56B1A9411070078A55D /* Supporting Files */ = {
			isa = PBXGroup;
			children = (
				8F40D56C1A9411070078A55D /* Info.plist */,
			);
			name = "Supporting Files";
			sourceTree = "<group>";
		};
/* End PBXGroup section */

/* Begin PBXNativeTarget section */
		8F40D5511A9411070078A55D /* Postcard */ = {
			isa = PBXNativeTarget;
			buildConfigurationList = 8F40D5711A9411070078A55D /* Build configuration list for PBXNativeTarget "Postcard" */;
			buildPhases = (
				8F40D54E1A9411070078A55D /* Sources */,
				8F40D54F1A9411070078A55D /* Frameworks */,
				8F40D5501A9411070078A55D /* Resources */,
			);
			buildRules = (
			);
			dependencies = (
			);
			name = Postcard;
			productName = Postcard;
			productReference = 8F40D5521A9411070078A55D /* Postcard.app */;
			productType = "com.apple.product-type.application";
		};
		8F40D5661A9411070078A55D /* PostcardTests */ = {
			isa = PBXNativeTarget;
			buildConfigurationList = 8F40D5741A9411070078A55D /* Build configuration list for PBXNativeTarget "PostcardTests" */;
			buildPhases = (
				8F40D5631A9411070078A55D /* Sources */,
				8F40D5641A9411070078A55D /* Frameworks */,
				8F40D5651A9411070078A55D /* Resources */,
			);
			buildRules = (
			);
			dependencies = (
				8F40D5691A9411070078A55D /* PBXTargetDependency */,
			);
			name = PostcardTests;
			productName = PostcardTests;
			productReference = 8F40D5671A9411070078A55D /* PostcardTests.xctest */;
			productType = "com.apple.product-type.bundle.unit-test";
		};
/* End PBXNativeTarget section */

/* Begin PBXProject section */
		8F40D54A1A9411070078A55D /* Project object */ = {
			isa = PBXProject;
			attributes = {
				LastUpgradeCheck = 0610;
				ORGANIZATIONNAME = "Lui Pillmann";
				TargetAttributes = {
					8F40D5511A9411070078A55D = {
						CreatedOnToolsVersion = 6.1.1;
					};
					8F40D5661A9411070078A55D = {
						CreatedOnToolsVersion = 6.1.1;
						TestTargetID = 8F40D5511A9411070078A55D;
					};
				};
			};
			buildConfigurationList = 8F40D54D1A9411070078A55D /* Build configuration list for PBXProject "Postcard" */;
			compatibilityVersion = "Xcode 3.2";
			developmentRegion = English;
			hasScannedForEncodings = 0;
			knownRegions = (
				en,
				Base,
			);
			mainGroup = 8F40D5491A9411070078A55D;
			productRefGroup = 8F40D5531A9411070078A55D /* Products */;
			projectDirPath = "";
			projectRoot = "";
			targets = (
				8F40D5511A9411070078A55D /* Postcard */,
				8F40D5661A9411070078A55D /* PostcardTests */,
			);
		};
/* End PBXProject section */

/* Begin PBXResourcesBuildPhase section */
		8F40D5501A9411070078A55D /* Resources */ = {
			isa = PBXResourcesBuildPhase;
			buildActionMask = 2147483647;
			files = (
				8F40D55D1A9411070078A55D /* Main.storyboard in Resources */,
				8F40D5621A9411070078A55D /* LaunchScreen.xib in Resources */,
				8F40D55F1A9411070078A55D /* Images.xcassets in Resources */,
			);
			runOnlyForDeploymentPostprocessing = 0;
		};
		8F40D5651A9411070078A55D /* Resources */ = {
			isa = PBXResourcesBuildPhase;
			buildActionMask = 2147483647;
			files = (
			);
			runOnlyForDeploymentPostprocessing = 0;
		};
/* End PBXResourcesBuildPhase section */

/* Begin PBXSourcesBuildPhase section */
		8F40D54E1A9411070078A55D /* Sources */ = {
			isa = PBXSourcesBuildPhase;
			buildActionMask = 2147483647;
			files = (
				8F40D55A1A9411070078A55D /* ViewController.swift in Sources */,
				8F40D5581A9411070078A55D /* AppDelegate.swift in Sources */,
			);
			runOnlyForDeploymentPostprocessing = 0;
		};
		8F40D5631A9411070078A55D /* Sources */ = {
			isa = PBXSourcesBuildPhase;
			buildActionMask = 2147483647;
			files = (
				8F40D56E1A9411070078A55D /* PostcardTests.swift in Sources */,
			);
			runOnlyForDeploymentPostprocessing = 0;
		};
/* End PBXSourcesBuildPhase section */

/* Begin PBXTargetDependency section */
		8F40D5691A9411070078A55D /* PBXTargetDependency */ = {
			isa = PBXTargetDependency;
			target = 8F40D5511A9411070078A55D /* Postcard */;
			targetProxy = 8F40D5681A9411070078A55D /* PBXContainerItemProxy */;
		};
/* End PBXTargetDependency section */

/* Begin PBXVariantGroup section */
		8F40D55B1A9411070078A55D /* Main.storyboard */ = {
			isa = PBXVariantGroup;
			children = (
				8F40D55C1A9411070078A55D /* Base */,
			);
			name = Main.storyboard;
			sourceTree = "<group>";
		};
		8F40D5601A9411070078A55D /* LaunchScreen.xib */ = {
			isa = PBXVariantGroup;
			children = (
				8F40D5611A9411070078A55D /* Base */,
			);
			name = LaunchScreen.xib;
			sourceTree = "<group>";
		};
/* End PBXVariantGroup section */

/* Begin XCBuildConfiguration section */
		8F40D56F1A9411070078A55D /* Debug */ = {
			isa = XCBuildConfiguration;
			buildSettings = {
				ALWAYS_SEARCH_USER_PATHS = NO;
				CLANG_CXX_LANGUAGE_STANDARD = "gnu++0x";
				CLANG_CXX_LIBRARY = "libc++";
				CLANG_ENABLE_MODULES = YES;
				CLANG_ENABLE_OBJC_ARC = YES;
				CLANG_WARN_BOOL_CONVERSION = YES;
				CLANG_WARN_CONSTANT_CONVERSION = YES;
				CLANG_WARN_DIRECT_OBJC_ISA_USAGE = YES_ERROR;
				CLANG_WARN_EMPTY_BODY = YES;
				CLANG_WARN_ENUM_CONVERSION = YES;
				CLANG_WARN_INT_CONVERSION = YES;
				CLANG_WARN_OBJC_ROOT_CLASS = YES_ERROR;
				CLANG_WARN_UNREACHABLE_CODE = YES;
				CLANG_WARN__DUPLICATE_METHOD_MATCH = YES;
				"CODE_SIGN_IDENTITY[sdk=iphoneos*]" = "iPhone Developer";
				COPY_PHASE_STRIP = NO;
				ENABLE_STRICT_OBJC_MSGSEND = YES;
				GCC_C_LANGUAGE_STANDARD = gnu99;
				GCC_DYNAMIC_NO_PIC = NO;
				GCC_OPTIMIZATION_LEVEL = 0;
				GCC_PREPROCESSOR_DEFINITIONS = (
					"DEBUG=1",
					"$(inherited)",
				);
				GCC_SYMBOLS_PRIVATE_EXTERN = NO;
				GCC_WARN_64_TO_32_BIT_CONVERSION = YES;
				GCC_WARN_ABOUT_RETURN_TYPE = YES_ERROR;
				GCC_WARN_UNDECLARED_SELECTOR = YES;
				GCC_WARN_UNINITIALIZED_AUTOS = YES_AGGRESSIVE;
				GCC_WARN_UNUSED_FUNCTION = YES;
				GCC_WARN_UNUSED_VARIABLE = YES;
				IPHONEOS_DEPLOYMENT_TARGET = 8.1;
				MTL_ENABLE_DEBUG_INFO = YES;
				ONLY_ACTIVE_ARCH = YES;
				SDKROOT = iphoneos;
				SWIFT_OPTIMIZATION_LEVEL = "-Onone";
				TARGETED_DEVICE_FAMILY = "1,2";
			};
			name = Debug;
		};
		8F40D5701A9411070078A55D /* Release */ = {
			isa = XCBuildConfiguration;
			buildSettings = {
				ALWAYS_SEARCH_USER_PATHS = NO;
				CLANG_CXX_LANGUAGE_STANDARD = "gnu++0x";
				CLANG_CXX_LIBRARY = "libc++";
				CLANG_ENABLE_MODULES = YES;
				CLANG_ENABLE_OBJC_ARC = YES;
				CLANG_WARN_BOOL_CONVERSION = YES;
				CLANG_WARN_CONSTANT_CONVERSION = YES;
				CLANG_WARN_DIRECT_OBJC_ISA_USAGE = YES_ERROR;
				CLANG_WARN_EMPTY_BODY = YES;
				CLANG_WARN_ENUM_CONVERSION = YES;
				CLANG_WARN_INT_CONVERSION = YES;
				CLANG_WARN_OBJC_ROOT_CLASS = YES_ERROR;
				CLANG_WARN_UNREACHABLE_CODE = YES;
				CLANG_WARN__DUPLICATE_METHOD_MATCH = YES;
				"CODE_SIGN_IDENTITY[sdk=iphoneos*]" = "iPhone Developer";
				COPY_PHASE_STRIP = YES;
				ENABLE_NS_ASSERTIONS = NO;
				ENABLE_STRICT_OBJC_MSGSEND = YES;
				GCC_C_LANGUAGE_STANDARD = gnu99;
				GCC_WARN_64_TO_32_BIT_CONVERSION = YES;
				GCC_WARN_ABOUT_RETURN_TYPE = YES_ERROR;
				GCC_WARN_UNDECLARED_SELECTOR = YES;
				GCC_WARN_UNINITIALIZED_AUTOS = YES_AGGRESSIVE;
				GCC_WARN_UNUSED_FUNCTION = YES;
				GCC_WARN_UNUSED_VARIABLE = YES;
				IPHONEOS_DEPLOYMENT_TARGET = 8.1;
				MTL_ENABLE_DEBUG_INFO = NO;
				SDKROOT = iphoneos;
				TARGETED_DEVICE_FAMILY = "1,2";
				VALIDATE_PRODUCT = YES;
			};
			name = Release;
		};
		8F40D5721A9411070078A55D /* Debug */ = {
			isa = XCBuildConfiguration;
			buildSettings = {
				ASSETCATALOG_COMPILER_APPICON_NAME = AppIcon;
				INFOPLIST_FILE = Postcard/Info.plist;
				LD_RUNPATH_SEARCH_PATHS = "$(inherited) @executable_path/Frameworks";
				PRODUCT_NAME = "$(TARGET_NAME)";
			};
			name = Debug;
		};
		8F40D5731A9411070078A55D /* Release */ = {
			isa = XCBuildConfiguration;
			buildSettings = {
				ASSETCATALOG_COMPILER_APPICON_NAME = AppIcon;
				INFOPLIST_FILE = Postcard/Info.plist;
				LD_RUNPATH_SEARCH_PATHS = "$(inherited) @executable_path/Frameworks";
				PRODUCT_NAME = "$(TARGET_NAME)";
			};
			name = Release;
		};
		8F40D5751A9411070078A55D /* Debug */ = {
			isa = XCBuildConfiguration;
			buildSettings = {
				BUNDLE_LOADER = "$(TEST_HOST)";
				FRAMEWORK_SEARCH_PATHS = (
					"$(SDKROOT)/Developer/Library/Frameworks",
					"$(inherited)",
				);
				GCC_PREPROCESSOR_DEFINITIONS = (
					"DEBUG=1",
					"$(inherited)",
				);
				INFOPLIST_FILE = PostcardTests/Info.plist;
				LD_RUNPATH_SEARCH_PATHS = "$(inherited) @executable_path/Frameworks @loader_path/Frameworks";
				PRODUCT_NAME = "$(TARGET_NAME)";
				TEST_HOST = "$(BUILT_PRODUCTS_DIR)/Postcard.app/Postcard";
			};
			name = Debug;
		};
		8F40D5761A9411070078A55D /* Release */ = {
			isa = XCBuildConfiguration;
			buildSettings = {
				BUNDLE_LOADER = "$(TEST_HOST)";
				FRAMEWORK_SEARCH_PATHS = (
					"$(SDKROOT)/Developer/Library/Frameworks",
					"$(inherited)",
				);
				INFOPLIST_FILE = PostcardTests/Info.plist;
				LD_RUNPATH_SEARCH_PATHS = "$(inherited) @executable_path/Frameworks @loader_path/Frameworks";
				PRODUCT_NAME = "$(TARGET_NAME)";
				TEST_HOST = "$(BUILT_PRODUCTS_DIR)/Postcard.app/Postcard";
			};
			name = Release;
		};
/* End XCBuildConfiguration section */

/* Begin XCConfigurationList section */
		8F40D54D1A9411070078A55D /* Build configuration list for PBXProject "Postcard" */ = {
			isa = XCConfigurationList;
			buildConfigurations = (
				8F40D56F1A9411070078A55D /* Debug */,
				8F40D5701A9411070078A55D /* Release */,
			);
			defaultConfigurationIsVisible = 0;
			defaultConfigurationName = Release;
		};
		8F40D5711A9411070078A55D /* Build configuration list for PBXNativeTarget "Postcard" */ = {
			isa = XCConfigurationList;
			buildConfigurations = (
				8F40D5721A9411070078A55D /* Debug */,
				8F40D5731A9411070078A55D /* Release */,
			);
			defaultConfigurationIsVisible = 0;
		};
		8F40D5741A9411070078A55D /* Build configuration list for PBXNativeTarget "PostcardTests" */ = {
			isa = XCConfigurationList;
			buildConfigurations = (
				8F40D5751A9411070078A55D /* Debug */,
				8F40D5761A9411070078A55D /* Release */,
			);
			defaultConfigurationIsVisible = 0;
		};
/* End XCConfigurationList section */
	};
	rootObject = 8F40D54A1A9411070078A55D /* Project object */;
}
